
Microsoft Visual Studio Solution File, Format Version 12.00
# Visual Studio Version 17
VisualStudioVersion = 17.11.35222.181
MinimumVisualStudioVersion = 10.0.40219.1
Project("{9A19103F-16F7-4668-BE54-9A1E7A4F7556}") = "Cn-LINQ_Numbers", "Cn-LINQ_Numbers.csproj", "{ED55A784-C151-4C46-98A9-A8200F12312A}"
EndProject
Global
	GlobalSection(SolutionConfigurationPlatforms) = preSolution
		Debug|Any CPU = Debug|Any CPU
		Release|Any CPU = Release|Any CPU
	EndGlobalSection
	GlobalSection(ProjectConfigurationPlatforms) = postSolution
		{ED55A784-C151-4C46-98A9-A8200F12312A}.Debug|Any CPU.ActiveCfg = Debug|Any CPU
		{ED55A784-C151-4C46-98A9-A8200F12312A}.Debug|Any CPU.Build.0 = Debug|Any CPU
		{ED55A784-C151-4C46-98A9-A8200F12312A}.Release|Any CPU.ActiveCfg = Release|Any CPU
		{ED55A784-C151-4C46-98A9-A8200F12312A}.Release|Any CPU.Build.0 = Release|Any CPU
	EndGlobalSection
	GlobalSection(SolutionProperties) = preSolution
		HideSolutionNode = FALSE
	EndGlobalSection
	GlobalSection(ExtensibilityGlobals) = postSolution
		SolutionGuid = {EE1AF51F-036F-490B-A8FD-5AA72C1E52BD}
	EndGlobalSection
EndGlobal
